
Microsoft Visual Studio Solution File, Format Version 12.00
# Visual Studio Version 17
VisualStudioVersion = 17.0.31903.59
MinimumVisualStudioVersion = 10.0.40219.1
Project("{2150E333-8FDC-42A3-9474-1A3956D46DE8}") = "src", "src", "{E35EF353-F95E-490E-9B9F-9B5E3441AC31}"
EndProject
Project("{FAE04EC0-301F-11D3-BF4B-00C04F79EFBC}") = "cppsbom", "src\SbomTool\cppsbom.csproj", "{5C52AB13-7DDD-4285-9592-B38A56ABB51B}"
EndProject
Project("{2150E333-8FDC-42A3-9474-1A3956D46DE8}") = "tests", "tests", "{0AB3BF05-4346-4AA6-1389-037BE0695223}"
EndProject
Project("{FAE04EC0-301F-11D3-BF4B-00C04F79EFBC}") = "cppsbom.Tests", "tests\SbomTool.Tests\cppsbom.Tests.csproj", "{063B7512-58A8-4601-96EE-3CE50FC21DC3}"
EndProject
Global
	GlobalSection(SolutionConfigurationPlatforms) = preSolution
		Debug|Any CPU = Debug|Any CPU
		Debug|x64 = Debug|x64
		Debug|x86 = Debug|x86
		Release|Any CPU = Release|Any CPU
		Release|x64 = Release|x64
		Release|x86 = Release|x86
	EndGlobalSection
	GlobalSection(ProjectConfigurationPlatforms) = postSolution
		{5C52AB13-7DDD-4285-9592-B38A56ABB51B}.Debug|Any CPU.ActiveCfg = Debug|Any CPU
		{5C52AB13-7DDD-4285-9592-B38A56ABB51B}.Debug|Any CPU.Build.0 = Debug|Any CPU
		{5C52AB13-7DDD-4285-9592-B38A56ABB51B}.Debug|x64.ActiveCfg = Debug|Any CPU
		{5C52AB13-7DDD-4285-9592-B38A56ABB51B}.Debug|x64.Build.0 = Debug|Any CPU
		{5C52AB13-7DDD-4285-9592-B38A56ABB51B}.Debug|x86.ActiveCfg = Debug|Any CPU
		{5C52AB13-7DDD-4285-9592-B38A56ABB51B}.Debug|x86.Build.0 = Debug|Any CPU
		{5C52AB13-7DDD-4285-9592-B38A56ABB51B}.Release|Any CPU.ActiveCfg = Release|Any CPU
		{5C52AB13-7DDD-4285-9592-B38A56ABB51B}.Release|Any CPU.Build.0 = Release|Any CPU
		{5C52AB13-7DDD-4285-9592-B38A56ABB51B}.Release|x64.ActiveCfg = Release|Any CPU
		{5C52AB13-7DDD-4285-9592-B38A56ABB51B}.Release|x64.Build.0 = Release|Any CPU
		{5C52AB13-7DDD-4285-9592-B38A56ABB51B}.Release|x86.ActiveCfg = Release|Any CPU
		{5C52AB13-7DDD-4285-9592-B38A56ABB51B}.Release|x86.Build.0 = Release|Any CPU
		{063B7512-58A8-4601-96EE-3CE50FC21DC3}.Debug|Any CPU.ActiveCfg = Debug|Any CPU
		{063B7512-58A8-4601-96EE-3CE50FC21DC3}.Debug|Any CPU.Build.0 = Debug|Any CPU
		{063B7512-58A8-4601-96EE-3CE50FC21DC3}.Debug|x64.ActiveCfg = Debug|Any CPU
		{063B7512-58A8-4601-96EE-3CE50FC21DC3}.Debug|x64.Build.0 = Debug|Any CPU
		{063B7512-58A8-4601-96EE-3CE50FC21DC3}.Debug|x86.ActiveCfg = Debug|Any CPU
		{063B7512-58A8-4601-96EE-3CE50FC21DC3}.Debug|x86.Build.0 = Debug|Any CPU
		{063B7512-58A8-4601-96EE-3CE50FC21DC3}.Release|Any CPU.ActiveCfg = Release|Any CPU
		{063B7512-58A8-4601-96EE-3CE50FC21DC3}.Release|Any CPU.Build.0 = Release|Any CPU
		{063B7512-58A8-4601-96EE-3CE50FC21DC3}.Release|x64.ActiveCfg = Release|Any CPU
		{063B7512-58A8-4601-96EE-3CE50FC21DC3}.Release|x64.Build.0 = Release|Any CPU
		{063B7512-58A8-4601-96EE-3CE50FC21DC3}.Release|x86.ActiveCfg = Release|Any CPU
		{063B7512-58A8-4601-96EE-3CE50FC21DC3}.Release|x86.Build.0 = Release|Any CPU
	EndGlobalSection
	GlobalSection(SolutionProperties) = preSolution
		HideSolutionNode = FALSE
	EndGlobalSection
	GlobalSection(NestedProjects) = preSolution
		{5C52AB13-7DDD-4285-9592-B38A56ABB51B} = {E35EF353-F95E-490E-9B9F-9B5E3441AC31}
		{063B7512-58A8-4601-96EE-3CE50FC21DC3} = {0AB3BF05-4346-4AA6-1389-037BE0695223}
	EndGlobalSection
EndGlobal
